
Microsoft Visual Studio Solution File, Format Version 12.00
# Visual Studio Version 16
VisualStudioVersion = 16.0.30011.22
MinimumVisualStudioVersion = 10.0.40219.1
Project("{FAE04EC0-301F-11D3-BF4B-00C04F79EFBC}") = "Task1", "Task1\Task1.csproj", "{1C29F35E-7D53-41A2-9741-6D2DD27398F7}"
EndProject
Project("{FAE04EC0-301F-11D3-BF4B-00C04F79EFBC}") = "Task2", "Task2\Task2.csproj", "{CD5A57DD-4689-410D-B014-2C0006FAAE53}"
EndProject
Project("{FAE04EC0-301F-11D3-BF4B-00C04F79EFBC}") = "Task3", "Task3\Task3.csproj", "{6A666604-C578-4E20-A04B-C74453C0F4AD}"
EndProject
Project("{FAE04EC0-301F-11D3-BF4B-00C04F79EFBC}") = "Task4", "Task4\Task4.csproj", "{D82B40EA-E8E7-43A1-8819-F473A8CB42A3}"
EndProject
Global
	GlobalSection(SolutionConfigurationPlatforms) = preSolution
		Debug|Any CPU = Debug|Any CPU
		Release|Any CPU = Release|Any CPU
	EndGlobalSection
	GlobalSection(ProjectConfigurationPlatforms) = postSolution
		{1C29F35E-7D53-41A2-9741-6D2DD27398F7}.Debug|Any CPU.ActiveCfg = Debug|Any CPU
		{1C29F35E-7D53-41A2-9741-6D2DD27398F7}.Debug|Any CPU.Build.0 = Debug|Any CPU
		{1C29F35E-7D53-41A2-9741-6D2DD27398F7}.Release|Any CPU.ActiveCfg = Release|Any CPU
		{1C29F35E-7D53-41A2-9741-6D2DD27398F7}.Release|Any CPU.Build.0 = Release|Any CPU
		{CD5A57DD-4689-410D-B014-2C0006FAAE53}.Debug|Any CPU.ActiveCfg = Debug|Any CPU
		{CD5A57DD-4689-410D-B014-2C0006FAAE53}.Debug|Any CPU.Build.0 = Debug|Any CPU
		{CD5A57DD-4689-410D-B014-2C0006FAAE53}.Release|Any CPU.ActiveCfg = Release|Any CPU
		{CD5A57DD-4689-410D-B014-2C0006FAAE53}.Release|Any CPU.Build.0 = Release|Any CPU
		{6A666604-C578-4E20-A04B-C74453C0F4AD}.Debug|Any CPU.ActiveCfg = Debug|Any CPU
		{6A666604-C578-4E20-A04B-C74453C0F4AD}.Debug|Any CPU.Build.0 = Debug|Any CPU
		{6A666604-C578-4E20-A04B-C74453C0F4AD}.Release|Any CPU.ActiveCfg = Release|Any CPU
		{6A666604-C578-4E20-A04B-C74453C0F4AD}.Release|Any CPU.Build.0 = Release|Any CPU
		{D82B40EA-E8E7-43A1-8819-F473A8CB42A3}.Debug|Any CPU.ActiveCfg = Debug|Any CPU
		{D82B40EA-E8E7-43A1-8819-F473A8CB42A3}.Debug|Any CPU.Build.0 = Debug|Any CPU
		{D82B40EA-E8E7-43A1-8819-F473A8CB42A3}.Release|Any CPU.ActiveCfg = Release|Any CPU
		{D82B40EA-E8E7-43A1-8819-F473A8CB42A3}.Release|Any CPU.Build.0 = Release|Any CPU
	EndGlobalSection
	GlobalSection(SolutionProperties) = preSolution
		HideSolutionNode = FALSE
	EndGlobalSection
	GlobalSection(ExtensibilityGlobals) = postSolution
		SolutionGuid = {B2C15347-711D-4743-A61C-401A48D783B1}
	EndGlobalSection
EndGlobal
